
Microsoft Visual Studio Solution File, Format Version 12.00
# Visual Studio Version 17
VisualStudioVersion = 17.8.34330.188
MinimumVisualStudioVersion = 10.0.40219.1
Project("{FAE04EC0-301F-11D3-BF4B-00C04F79EFBC}") = "EmpresaOnibusTurismo", "EmpresaOnibusTurismo\EmpresaOnibusTurismo.csproj", "{AB94EAE8-0D32-4762-AC20-4498739D03CC}"
EndProject
Global
	GlobalSection(SolutionConfigurationPlatforms) = preSolution
		Debug|Any CPU = Debug|Any CPU
		Release|Any CPU = Release|Any CPU
	EndGlobalSection
	GlobalSection(ProjectConfigurationPlatforms) = postSolution
		{AB94EAE8-0D32-4762-AC20-4498739D03CC}.Debug|Any CPU.ActiveCfg = Debug|Any CPU
		{AB94EAE8-0D32-4762-AC20-4498739D03CC}.Debug|Any CPU.Build.0 = Debug|Any CPU
		{AB94EAE8-0D32-4762-AC20-4498739D03CC}.Release|Any CPU.ActiveCfg = Release|Any CPU
		{AB94EAE8-0D32-4762-AC20-4498739D03CC}.Release|Any CPU.Build.0 = Release|Any CPU
	EndGlobalSection
	GlobalSection(SolutionProperties) = preSolution
		HideSolutionNode = FALSE
	EndGlobalSection
	GlobalSection(ExtensibilityGlobals) = postSolution
		SolutionGuid = {02449AC0-4FB3-4BBC-A3D6-A20C4A1713C6}
	EndGlobalSection
EndGlobal
